
Microsoft Visual Studio Solution File, Format Version 12.00
# Visual Studio Version 16
VisualStudioVersion = 16.0.29613.14
MinimumVisualStudioVersion = 10.0.40219.1
Project("{FAE04EC0-301F-11D3-BF4B-00C04F79EFBC}") = "WhoohoGame", "WhoohoGame\WhoohoGame.csproj", "{DCE13A9F-15FB-4CAD-8580-406772C8CC50}"
EndProject
Global
	GlobalSection(SolutionConfigurationPlatforms) = preSolution
		Debug|Any CPU = Debug|Any CPU
		Release|Any CPU = Release|Any CPU
	EndGlobalSection
	GlobalSection(ProjectConfigurationPlatforms) = postSolution
		{DCE13A9F-15FB-4CAD-8580-406772C8CC50}.Debug|Any CPU.ActiveCfg = Debug|Any CPU
		{DCE13A9F-15FB-4CAD-8580-406772C8CC50}.Debug|Any CPU.Build.0 = Debug|Any CPU
		{DCE13A9F-15FB-4CAD-8580-406772C8CC50}.Release|Any CPU.ActiveCfg = Release|Any CPU
		{DCE13A9F-15FB-4CAD-8580-406772C8CC50}.Release|Any CPU.Build.0 = Release|Any CPU
	EndGlobalSection
	GlobalSection(SolutionProperties) = preSolution
		HideSolutionNode = FALSE
	EndGlobalSection
	GlobalSection(ExtensibilityGlobals) = postSolution
		SolutionGuid = {73D8CC62-6EDF-4206-8952-EBDCD2FDA147}
	EndGlobalSection
EndGlobal
